<?xml version="1.0" encoding="utf-8"?>
<Project ToolsVersion="4.0" xmlns="http://schemas.microsoft.com/developer/msbuild/2003">
  <ItemGroup>
    <Filter Include="源文件">
      <UniqueIdentifier>{4FC737F1-C7A5-4376-A066-2A32D752A2FF}</UniqueIdentifier>
      <Extensions>cpp;c;cc;cxx;def;odl;idl;hpj;bat;asm;asmx</Extensions>
    </Filter>
    <Filter Include="资源文件">
      <UniqueIdentifier>{67DA6AB6-F800-4c08-8B7A-83BB121AAD01}</UniqueIdentifier>
      <Extensions>rc;ico;cur;bmp;dlg;rc2;rct;bin;rgs;gif;jpg;jpeg;jpe;resx;tiff;tif;png;wav;mfcribbon-ms</Extensions>
    </Filter>
    <Filter Include="源文件\Grammer">
      <UniqueIdentifier>{dc4a2656-8e88-4081-8294-6000152487a9}</UniqueIdentifier>
    </Filter>
    <Filter Include="源文件\Pattrns">
      <UniqueIdentifier>{03672a2f-e695-4fee-bf85-c630c90f8d99}</UniqueIdentifier>
    </Filter>
    <Filter Include="源文件\Algorithms">
      <UniqueIdentifier>{50159460-6519-4a22-8229-198c5ffe31c8}</UniqueIdentifier>
    </Filter>
    <Filter Include="Libs">
      <UniqueIdentifier>{64b61fc1-060b-4b53-bdb8-5f4b390a8180}</UniqueIdentifier>
    </Filter>
    <Filter Include="Libs\sqlite3">
      <UniqueIdentifier>{ae5caccd-d139-4a98-85a2-329d706a96f0}</UniqueIdentifier>
    </Filter>
    <Filter Include="源文件\LibsTest">
      <UniqueIdentifier>{5cedfa18-06fb-4d8a-ad59-57eaf5ebc3a3}</UniqueIdentifier>
    </Filter>
    <Filter Include="Libs\tinyxml2">
      <UniqueIdentifier>{faa529bd-f5cf-4b29-8af4-32d4063a855d}</UniqueIdentifier>
    </Filter>
    <Filter Include="Libs\rapidjson">
      <UniqueIdentifier>{9bceb602-c64c-4877-92ad-f916f86c151a}</UniqueIdentifier>
    </Filter>
  </ItemGroup>
  <ItemGroup>
    <ClCompile Include="main.cpp">
      <Filter>源文件</Filter>
    </ClCompile>
    <ClCompile Include="DesignPatterns\Observer.cpp">
      <Filter>源文件\Pattrns</Filter>
    </ClCompile>
    <ClCompile Include="Grammer\可变参数模板.cpp">
      <Filter>源文件\Grammer</Filter>
    </ClCompile>
    <ClCompile Include="Grammer\std__bind.cpp">
      <Filter>源文件\Grammer</Filter>
    </ClCompile>
    <ClCompile Include="DesignPatterns\Singleton.cpp">
      <Filter>源文件\Pattrns</Filter>
    </ClCompile>
    <ClCompile Include="Libs\sqlite3\sqlite3.c">
      <Filter>Libs\sqlite3</Filter>
    </ClCompile>
    <ClCompile Include="LibsTest\Test_sqlite3.cpp">
      <Filter>源文件\LibsTest</Filter>
    </ClCompile>
    <ClCompile Include="LibsTest\Test_json.cpp">
      <Filter>源文件\LibsTest</Filter>
    </ClCompile>
    <ClCompile Include="LibsTest\Test_tinyxml2.cpp">
      <Filter>源文件\LibsTest</Filter>
    </ClCompile>
    <ClCompile Include="Libs\tinyxml2\tinyxml2.cpp">
      <Filter>Libs\tinyxml2</Filter>
    </ClCompile>
    <ClCompile Include="Grammer\算法和迭代器库.cpp">
      <Filter>源文件\Grammer</Filter>
    </ClCompile>
    <ClCompile Include="Grammer\字符串.cpp">
      <Filter>源文件\Grammer</Filter>
    </ClCompile>
    <ClCompile Include="Grammer\模板函数.cpp">
      <Filter>源文件\Grammer</Filter>
    </ClCompile>
    <ClCompile Include="Grammer\文件基础.cpp">
      <Filter>源文件\Grammer</Filter>
    </ClCompile>
    <ClCompile Include="TestInterface.h">
      <Filter>源文件</Filter>
    </ClCompile>
    <ClCompile Include="prime_test.cpp">
      <Filter>源文件\Algorithms</Filter>
    </ClCompile>
    <ClCompile Include="Algorithms\sort.cpp">
      <Filter>源文件\Algorithms</Filter>
    </ClCompile>
  </ItemGroup>
  <ItemGroup>
    <ClInclude Include="DesignPatterns\Observer.h">
      <Filter>源文件\Pattrns</Filter>
    </ClInclude>
    <ClInclude Include="DesignPatterns\Singleton.h">
      <Filter>源文件\Pattrns</Filter>
    </ClInclude>
    <ClInclude Include="Libs\sqlite3\sqlite3.h">
      <Filter>Libs\sqlite3</Filter>
    </ClInclude>
    <ClInclude Include="Libs\sqlite3\sqlite3ext.h">
      <Filter>Libs\sqlite3</Filter>
    </ClInclude>
    <ClInclude Include="Libs\tinyxml2\tinyxml2.h">
      <Filter>Libs\tinyxml2</Filter>
    </ClInclude>
    <ClInclude Include="Libs\rapidjson\allocators.h">
      <Filter>Libs\rapidjson</Filter>
    </ClInclude>
    <ClInclude Include="Libs\rapidjson\document.h">
      <Filter>Libs\rapidjson</Filter>
    </ClInclude>
    <ClInclude Include="Libs\rapidjson\encodedstream.h">
      <Filter>Libs\rapidjson</Filter>
    </ClInclude>
    <ClInclude Include="Libs\rapidjson\encodings.h">
      <Filter>Libs\rapidjson</Filter>
    </ClInclude>
    <ClInclude Include="Libs\rapidjson\filereadstream.h">
      <Filter>Libs\rapidjson</Filter>
    </ClInclude>
    <ClInclude Include="Libs\rapidjson\filestream.h">
      <Filter>Libs\rapidjson</Filter>
    </ClInclude>
    <ClInclude Include="Libs\rapidjson\filewritestream.h">
      <Filter>Libs\rapidjson</Filter>
    </ClInclude>
    <ClInclude Include="Libs\rapidjson\memorybuffer.h">
      <Filter>Libs\rapidjson</Filter>
    </ClInclude>
    <ClInclude Include="Libs\rapidjson\memorystream.h">
      <Filter>Libs\rapidjson</Filter>
    </ClInclude>
    <ClInclude Include="Libs\rapidjson\prettywriter.h">
      <Filter>Libs\rapidjson</Filter>
    </ClInclude>
    <ClInclude Include="Libs\rapidjson\rapidjson.h">
      <Filter>Libs\rapidjson</Filter>
    </ClInclude>
    <ClInclude Include="Libs\rapidjson\reader.h">
      <Filter>Libs\rapidjson</Filter>
    </ClInclude>
    <ClInclude Include="Libs\rapidjson\stringbuffer.h">
      <Filter>Libs\rapidjson</Filter>
    </ClInclude>
    <ClInclude Include="Libs\rapidjson\writer.h">
      <Filter>Libs\rapidjson</Filter>
    </ClInclude>
    <ClInclude Include="algorithm_common.h">
      <Filter>源文件\Algorithms</Filter>
    </ClInclude>
    <ClInclude Include="prime_test.h">
      <Filter>源文件\Algorithms</Filter>
    </ClInclude>
  </ItemGroup>
</Project>